// !$*UTF8*$!
{
	archiveVersion = 1;
	classes = {
	};
	objectVersion = 50;
	objects = {

/* Begin PBXBuildFile section */
		52D308F9251344260084C0CD /* AppDelegate.m in Sources */ = {isa = PBXBuildFile; fileRef = 52D308F8251344260084C0CD /* AppDelegate.m */; };
		52D308FC251344260084C0CD /* SceneDelegate.m in Sources */ = {isa = PBXBuildFile; fileRef = 52D308FB251344260084C0CD /* SceneDelegate.m */; };
		52D308FF251344260084C0CD /* ViewController.m in Sources */ = {isa = PBXBuildFile; fileRef = 52D308FE251344260084C0CD /* ViewController.m */; };
		52D30902251344260084C0CD /* Main.storyboard in Resources */ = {isa = PBXBuildFile; fileRef = 52D30900251344260084C0CD /* Main.storyboard */; };
		52D30904251344290084C0CD /* Assets.xcassets in Resources */ = {isa = PBXBuildFile; fileRef = 52D30903251344290084C0CD /* Assets.xcassets */; };
		52D30907251344290084C0CD /* LaunchScreen.storyboard in Resources */ = {isa = PBXBuildFile; fileRef = 52D30905251344290084C0CD /* LaunchScreen.storyboard */; };
		52D3090A251344290084C0CD /* main.m in Sources */ = {isa = PBXBuildFile; fileRef = 52D30909251344290084C0CD /* main.m */; };
/* End PBXBuildFile section */

/* Begin PBXFileReference section */
		52D308F4251344250084C0CD /* DemoGitProject.app */ = {isa = PBXFileReference; explicitFileType = wrapper.application; includeInIndex = 0; path = DemoGitProject.app; sourceTree = BUILT_PRODUCTS_DIR; };
		52D308F7251344260084C0CD /* AppDelegate.h */ = {isa = PBXFileReference; lastKnownFileType = sourcecode.c.h; path = AppDelegate.h; sourceTree = "<group>"; };
		52D308F8251344260084C0CD /* AppDelegate.m */ = {isa = PBXFileReference; lastKnownFileType = sourcecode.c.objc; path = AppDelegate.m; sourceTree = "<group>"; };
		52D308FA251344260084C0CD /* SceneDelegate.h */ = {isa = PBXFileReference; lastKnownFileType = sourcecode.c.h; path = SceneDelegate.h; sourceTree = "<group>"; };
		52D308FB251344260084C0CD /* SceneDelegate.m */ = {isa = PBXFileReference; lastKnownFileType = sourcecode.c.objc; path = SceneDelegate.m; sourceTree = "<group>"; };
		52D308FD251344260084C0CD /* ViewController.h */ = {isa = PBXFileReference; lastKnownFileType = sourcecode.c.h; path = ViewController.h; sourceTree = "<group>"; };
		52D308FE251344260084C0CD /* ViewController.m */ = {isa = PBXFileReference; lastKnownFileType = sourcecode.c.objc; path = ViewController.m; sourceTree = "<group>"; };
		52D30901251344260084C0CD /* Base */ = {isa = PBXFileReference; lastKnownFileType = file.storyboard; name = Base; path = Base.lproj/Main.storyboard; sourceTree = "<group>"; };
		52D30903251344290084C0CD /* Assets.xcassets */ = {isa = PBXFileReference; lastKnownFileType = folder.assetcatalog; path = Assets.xcassets; sourceTree = "<group>"; };
		52D30906251344290084C0CD /* Base */ = {isa = PBXFileReference; lastKnownFileType = file.storyboard; name = Base; path = Base.lproj/LaunchScreen.storyboard; sourceTree = "<group>"; };
		52D30908251344290084C0CD /* Info.plist */ = {isa = PBXFileReference; lastKnownFileType = text.plist.xml; path = Info.plist; sourceTree = "<group>"; };
		52D30909251344290084C0CD /* main.m */ = {isa = PBXFileReference; lastKnownFileType = sourcecode.c.objc; path = main.m; sourceTree = "<group>"; };
/* End PBXFileReference section */

/* Begin PBXFrameworksBuildPhase section */
		52D308F1251344250084C0CD /* Frameworks */ = {
			isa = PBXFrameworksBuildPhase;
			buildActionMask = 2147483647;
			files = (
			);
			runOnlyForDeploymentPostprocessing = 0;
		};
/* End PBXFrameworksBuildPhase section */

/* Begin PBXGroup section */
		52D308EB251344250084C0CD = {
			isa = PBXGroup;
			children = (
				52D308F6251344250084C0CD /* DemoGitProject */,
				52D308F5251344250084C0CD /* Products */,
			);
			sourceTree = "<group>";
		};
		52D308F5251344250084C0CD /* Products */ = {
			isa = PBXGroup;
			children = (
				52D308F4251344250084C0CD /* DemoGitProject.app */,
			);
			name = Products;
			sourceTree = "<group>";
		};
		52D308F6251344250084C0CD /* DemoGitProject */ = {
			isa = PBXGroup;
			children = (
				52D308F7251344260084C0CD /* AppDelegate.h */,
				52D308F8251344260084C0CD /* AppDelegate.m */,
				52D308FA251344260084C0CD /* SceneDelegate.h */,
				52D308FB251344260084C0CD /* SceneDelegate.m */,
				52D308FD251344260084C0CD /* ViewController.h */,
				52D308FE251344260084C0CD /* ViewController.m */,
				52D30900251344260084C0CD /* Main.storyboard */,
				52D30903251344290084C0CD /* Assets.xcassets */,
				52D30905251344290084C0CD /* LaunchScreen.storyboard */,
				52D30908251344290084C0CD /* Info.plist */,
				52D30909251344290084C0CD /* main.m */,
			);
			path = DemoGitProject;
			sourceTree = "<group>";
		};
/* End PBXGroup section */

/* Begin PBXNativeTarget section */
		52D308F3251344250084C0CD /* DemoGitProject */ = {
			isa = PBXNativeTarget;
			buildConfigurationList = 52D3090D251344290084C0CD /* Build configuration list for PBXNativeTarget "DemoGitProject" */;
			buildPhases = (
				52D308F0251344250084C0CD /* Sources */,
				52D308F1251344250084C0CD /* Frameworks */,
				52D308F2251344250084C0CD /* Resources */,
			);
			buildRules = (
			);
			dependencies = (
			);
			name = DemoGitProject;
			productName = DemoGitProject;
			productReference = 52D308F4251344250084C0CD /* DemoGitProject.app */;
			productType = "com.apple.product-type.application";
		};
/* End PBXNativeTarget section */

/* Begin PBXProject section */
		52D308EC251344250084C0CD /* Project object */ = {
			isa = PBXProject;
			attributes = {
				LastUpgradeCheck = 1150;
				ORGANIZATIONNAME = "MacBook Pro";
				TargetAttributes = {
					52D308F3251344250084C0CD = {
						CreatedOnToolsVersion = 11.5;
					};
				};
			};
			buildConfigurationList = 52D308EF251344250084C0CD /* Build configuration list for PBXProject "DemoGitProject" */;
			compatibilityVersion = "Xcode 9.3";
			developmentRegion = en;
			hasScannedForEncodings = 0;
			knownRegions = (
				en,
				Base,
			);
			mainGroup = 52D308EB251344250084C0CD;
			productRefGroup = 52D308F5251344250084C0CD /* Products */;
			projectDirPath = "";
			projectRoot = "";
			targets = (
				52D308F3251344250084C0CD /* DemoGitProject */,
			);
		};
/* End PBXProject section */

/* Begin PBXResourcesBuildPhase section */
		52D308F2251344250084C0CD /* Resources */ = {
			isa = PBXResourcesBuildPhase;
			buildActionMask = 2147483647;
			files = (
				52D30907251344290084C0CD /* LaunchScreen.storyboard in Resources */,
				52D30904251344290084C0CD /* Assets.xcassets in Resources */,
				52D30902251344260084C0CD /* Main.storyboard in Resources */,
			);
			runOnlyForDeploymentPostprocessing = 0;
		};
/* End PBXResourcesBuildPhase section */

/* Begin PBXSourcesBuildPhase section */
		52D308F0251344250084C0CD /* Sources */ = {
			isa = PBXSourcesBuildPhase;
			buildActionMask = 2147483647;
			files = (
				52D308FF251344260084C0CD /* ViewController.m in Sources */,
				52D308F9251344260084C0CD /* AppDelegate.m in Sources */,
				52D3090A251344290084C0CD /* main.m in Sources */,
				52D308FC251344260084C0CD /* SceneDelegate.m in Sources */,
			);
			runOnlyForDeploymentPostprocessing = 0;
		};
/* End PBXSourcesBuildPhase section */

/* Begin PBXVariantGroup section */
		52D30900251344260084C0CD /* Main.storyboard */ = {
			isa = PBXVariantGroup;
			children = (
				52D30901251344260084C0CD /* Base */,
			);
			name = Main.storyboard;
			sourceTree = "<group>";
		};
		52D30905251344290084C0CD /* LaunchScreen.storyboard */ = {
			isa = PBXVariantGroup;
			children = (
				52D30906251344290084C0CD /* Base */,
			);
			name = LaunchScreen.storyboard;
			sourceTree = "<group>";
		};
/* End PBXVariantGroup section */

/* Begin XCBuildConfiguration section */
		52D3090B251344290084C0CD /* Debug */ = {
			isa = XCBuildConfiguration;
			buildSettings = {
				ALWAYS_SEARCH_USER_PATHS = NO;
				CLANG_ANALYZER_NONNULL = YES;
				CLANG_ANALYZER_NUMBER_OBJECT_CONVERSION = YES_AGGRESSIVE;
				CLANG_CXX_LANGUAGE_STANDARD = "gnu++14";
				CLANG_CXX_LIBRARY = "libc++";
				CLANG_ENABLE_MODULES = YES;
				CLANG_ENABLE_OBJC_ARC = YES;
				CLANG_ENABLE_OBJC_WEAK = YES;
				CLANG_WARN_BLOCK_CAPTURE_AUTORELEASING = YES;
				CLANG_WARN_BOOL_CONVERSION = YES;
				CLANG_WARN_COMMA = YES;
				CLANG_WARN_CONSTANT_CONVERSION = YES;
				CLANG_WARN_DEPRECATED_OBJC_IMPLEMENTATIONS = YES;
				CLANG_WARN_DIRECT_OBJC_ISA_USAGE = YES_ERROR;
				CLANG_WARN_DOCUMENTATION_COMMENTS = YES;
				CLANG_WARN_EMPTY_BODY = YES;
				CLANG_WARN_ENUM_CONVERSION = YES;
				CLANG_WARN_INFINITE_RECURSION = YES;
				CLANG_WARN_INT_CONVERSION = YES;
				CLANG_WARN_NON_LITERAL_NULL_CONVERSION = YES;
				CLANG_WARN_OBJC_IMPLICIT_RETAIN_SELF = YES;
				CLANG_WARN_OBJC_LITERAL_CONVERSION = YES;
				CLANG_WARN_OBJC_ROOT_CLASS = YES_ERROR;
				CLANG_WARN_RANGE_LOOP_ANALYSIS = YES;
				CLANG_WARN_STRICT_PROTOTYPES = YES;
				CLANG_WARN_SUSPICIOUS_MOVE = YES;
				CLANG_WARN_UNGUARDED_AVAILABILITY = YES_AGGRESSIVE;
				CLANG_WARN_UNREACHABLE_CODE = YES;
				CLANG_WARN__DUPLICATE_METHOD_MATCH = YES;
				COPY_PHASE_STRIP = NO;
				DEBUG_INFORMATION_FORMAT = dwarf;
				ENABLE_STRICT_OBJC_MSGSEND = YES;
				ENABLE_TESTABILITY = YES;
				GCC_C_LANGUAGE_STANDARD = gnu11;
				GCC_DYNAMIC_NO_PIC = NO;
				GCC_NO_COMMON_BLOCKS = YES;
				GCC_OPTIMIZATION_LEVEL = 0;
				GCC_PREPROCESSOR_DEFINITIONS = (
					"DEBUG=1",
					"$(inherited)",
				);
				GCC_WARN_64_TO_32_BIT_CONVERSION = YES;
				GCC_WARN_ABOUT_RETURN_TYPE = YES_ERROR;
				GCC_WARN_UNDECLARED_SELECTOR = YES;
				GCC_WARN_UNINITIALIZED_AUTOS = YES_AGGRESSIVE;
				GCC_WARN_UNUSED_FUNCTION = YES;
				GCC_WARN_UNUSED_VARIABLE = YES;
				IPHONEOS_DEPLOYMENT_TARGET = 13.5;
				MTL_ENABLE_DEBUG_INFO = INCLUDE_SOURCE;
				MTL_FAST_MATH = YES;
				ONLY_ACTIVE_ARCH = YES;
				SDKROOT = iphoneos;
			};
			name = Debug;
		};
		52D3090C251344290084C0CD /* Release */ = {
			isa = XCBuildConfiguration;
			buildSettings = {
				ALWAYS_SEARCH_USER_PATHS = NO;
				CLANG_ANALYZER_NONNULL = YES;
				CLANG_ANALYZER_NUMBER_OBJECT_CONVERSION = YES_AGGRESSIVE;
				CLANG_CXX_LANGUAGE_STANDARD = "gnu++14";
				CLANG_CXX_LIBRARY = "libc++";
				CLANG_ENABLE_MODULES = YES;
				CLANG_ENABLE_OBJC_ARC = YES;
				CLANG_ENABLE_OBJC_WEAK = YES;
				CLANG_WARN_BLOCK_CAPTURE_AUTORELEASING = YES;
				CLANG_WARN_BOOL_CONVERSION = YES;
				CLANG_WARN_COMMA = YES;
				CLANG_WARN_CONSTANT_CONVERSION = YES;
				CLANG_WARN_DEPRECATED_OBJC_IMPLEMENTATIONS = YES;
				CLANG_WARN_DIRECT_OBJC_ISA_USAGE = YES_ERROR;
				CLANG_WARN_DOCUMENTATION_COMMENTS = YES;
				CLANG_WARN_EMPTY_BODY = YES;
				CLANG_WARN_ENUM_CONVERSION = YES;
				CLANG_WARN_INFINITE_RECURSION = YES;
				CLANG_WARN_INT_CONVERSION = YES;
				CLANG_WARN_NON_LITERAL_NULL_CONVERSION = YES;
				CLANG_WARN_OBJC_IMPLICIT_RETAIN_SELF = YES;
				CLANG_WARN_OBJC_LITERAL_CONVERSION = YES;
				CLANG_WARN_OBJC_ROOT_CLASS = YES_ERROR;
				CLANG_WARN_RANGE_LOOP_ANALYSIS = YES;
				CLANG_WARN_STRICT_PROTOTYPES = YES;
				CLANG_WARN_SUSPICIOUS_MOVE = YES;
				CLANG_WARN_UNGUARDED_AVAILABILITY = YES_AGGRESSIVE;
				CLANG_WARN_UNREACHABLE_CODE = YES;
				CLANG_WARN__DUPLICATE_METHOD_MATCH = YES;
				COPY_PHASE_STRIP = NO;
				DEBUG_INFORMATION_FORMAT = "dwarf-with-dsym";
				ENABLE_NS_ASSERTIONS = NO;
				ENABLE_STRICT_OBJC_MSGSEND = YES;
				GCC_C_LANGUAGE_STANDARD = gnu11;
				GCC_NO_COMMON_BLOCKS = YES;
				GCC_WARN_64_TO_32_BIT_CONVERSION = YES;
				GCC_WARN_ABOUT_RETURN_TYPE = YES_ERROR;
				GCC_WARN_UNDECLARED_SELECTOR = YES;
				GCC_WARN_UNINITIALIZED_AUTOS = YES_AGGRESSIVE;
				GCC_WARN_UNUSED_FUNCTION = YES;
				GCC_WARN_UNUSED_VARIABLE = YES;
				IPHONEOS_DEPLOYMENT_TARGET = 13.5;
				MTL_ENABLE_DEBUG_INFO = NO;
				MTL_FAST_MATH = YES;
				SDKROOT = iphoneos;
				VALIDATE_PRODUCT = YES;
			};
			name = Release;
		};
		52D3090E251344290084C0CD /* Debug */ = {
			isa = XCBuildConfiguration;
			buildSettings = {
				ASSETCATALOG_COMPILER_APPICON_NAME = AppIcon;
				CODE_SIGN_STYLE = Automatic;
				DEVELOPMENT_TEAM = GDXBA7RQ7D;
				INFOPLIST_FILE = DemoGitProject/Info.plist;
				LD_RUNPATH_SEARCH_PATHS = (
					"$(inherited)",
					"@executable_path/Frameworks",
				);
				PRODUCT_BUNDLE_IDENTIFIER = com.rehanqureshi.DemoGitProject;
				PRODUCT_NAME = "$(TARGET_NAME)";
				TARGETED_DEVICE_FAMILY = "1,2";
			};
			name = Debug;
		};
		52D3090F251344290084C0CD /* Release */ = {
			isa = XCBuildConfiguration;
			buildSettings = {
				ASSETCATALOG_COMPILER_APPICON_NAME = AppIcon;
				CODE_SIGN_STYLE = Automatic;
				DEVELOPMENT_TEAM = GDXBA7RQ7D;
				INFOPLIST_FILE = DemoGitProject/Info.plist;
				LD_RUNPATH_SEARCH_PATHS = (
					"$(inherited)",
					"@executable_path/Frameworks",
				);
				PRODUCT_BUNDLE_IDENTIFIER = com.rehanqureshi.DemoGitProject;
				PRODUCT_NAME = "$(TARGET_NAME)";
				TARGETED_DEVICE_FAMILY = "1,2";
			};
			name = Release;
		};
/* End XCBuildConfiguration section */

/* Begin XCConfigurationList section */
		52D308EF251344250084C0CD /* Build configuration list for PBXProject "DemoGitProject" */ = {
			isa = XCConfigurationList;
			buildConfigurations = (
				52D3090B251344290084C0CD /* Debug */,
				52D3090C251344290084C0CD /* Release */,
			);
			defaultConfigurationIsVisible = 0;
			defaultConfigurationName = Release;
		};
		52D3090D251344290084C0CD /* Build configuration list for PBXNativeTarget "DemoGitProject" */ = {
			isa = XCConfigurationList;
			buildConfigurations = (
				52D3090E251344290084C0CD /* Debug */,
				52D3090F251344290084C0CD /* Release */,
			);
			defaultConfigurationIsVisible = 0;
			defaultConfigurationName = Release;
		};
/* End XCConfigurationList section */
	};
	rootObject = 52D308EC251344250084C0CD /* Project object */;
}
